// !$*UTF8*$!
{
	archiveVersion = 1;
	classes = {
	};
	objectVersion = 56;
	objects = {

/* Begin PBXBuildFile section */
		DB6DDAA32992CB48001C2C5A /* AppDelegate.swift in Sources */ = {isa = PBXBuildFile; fileRef = DB6DDAA22992CB48001C2C5A /* AppDelegate.swift */; };
		DB6DDAA52992CB48001C2C5A /* SceneDelegate.swift in Sources */ = {isa = PBXBuildFile; fileRef = DB6DDAA42992CB48001C2C5A /* SceneDelegate.swift */; };
		DB6DDAAA2992CB48001C2C5A /* Main.storyboard in Resources */ = {isa = PBXBuildFile; fileRef = DB6DDAA82992CB48001C2C5A /* Main.storyboard */; };
		DB6DDAAC2992CB49001C2C5A /* Assets.xcassets in Resources */ = {isa = PBXBuildFile; fileRef = DB6DDAAB2992CB49001C2C5A /* Assets.xcassets */; };
		DB6DDAAF2992CB49001C2C5A /* LaunchScreen.storyboard in Resources */ = {isa = PBXBuildFile; fileRef = DB6DDAAD2992CB49001C2C5A /* LaunchScreen.storyboard */; };
		DB6DDAB72992FF39001C2C5A /* MapViewController.swift in Sources */ = {isa = PBXBuildFile; fileRef = DB6DDAB62992FF39001C2C5A /* MapViewController.swift */; };
		DB6DDAB929930304001C2C5A /* FavoritesViewController.swift in Sources */ = {isa = PBXBuildFile; fileRef = DB6DDAB829930304001C2C5A /* FavoritesViewController.swift */; };
		DB6DDABB29930748001C2C5A /* DataManager.swift in Sources */ = {isa = PBXBuildFile; fileRef = DB6DDABA29930748001C2C5A /* DataManager.swift */; };
		DB6DDABD29930944001C2C5A /* Place.swift in Sources */ = {isa = PBXBuildFile; fileRef = DB6DDABC29930944001C2C5A /* Place.swift */; };
		DB6DDABF29930967001C2C5A /* PlaceMarkerView.swift in Sources */ = {isa = PBXBuildFile; fileRef = DB6DDABE29930967001C2C5A /* PlaceMarkerView.swift */; };
		DB6DDAC129930997001C2C5A /* PlaceFavoriteDelegate.swift in Sources */ = {isa = PBXBuildFile; fileRef = DB6DDAC029930997001C2C5A /* PlaceFavoriteDelegate.swift */; };
		DB6DDAC329935084001C2C5A /* Data.plist in Resources */ = {isa = PBXBuildFile; fileRef = DB6DDAC229935084001C2C5A /* Data.plist */; };
/* End PBXBuildFile section */

/* Begin PBXFileReference section */
		DB6DDA9F2992CB48001C2C5A /* Custom Map.app */ = {isa = PBXFileReference; explicitFileType = wrapper.application; includeInIndex = 0; path = "Custom Map.app"; sourceTree = BUILT_PRODUCTS_DIR; };
		DB6DDAA22992CB48001C2C5A /* AppDelegate.swift */ = {isa = PBXFileReference; lastKnownFileType = sourcecode.swift; path = AppDelegate.swift; sourceTree = "<group>"; };
		DB6DDAA42992CB48001C2C5A /* SceneDelegate.swift */ = {isa = PBXFileReference; lastKnownFileType = sourcecode.swift; path = SceneDelegate.swift; sourceTree = "<group>"; };
		DB6DDAA92992CB48001C2C5A /* Base */ = {isa = PBXFileReference; lastKnownFileType = file.storyboard; name = Base; path = Base.lproj/Main.storyboard; sourceTree = "<group>"; };
		DB6DDAAB2992CB49001C2C5A /* Assets.xcassets */ = {isa = PBXFileReference; lastKnownFileType = folder.assetcatalog; path = Assets.xcassets; sourceTree = "<group>"; };
		DB6DDAAE2992CB49001C2C5A /* Base */ = {isa = PBXFileReference; lastKnownFileType = file.storyboard; name = Base; path = Base.lproj/LaunchScreen.storyboard; sourceTree = "<group>"; };
		DB6DDAB02992CB49001C2C5A /* Info.plist */ = {isa = PBXFileReference; lastKnownFileType = text.plist.xml; path = Info.plist; sourceTree = "<group>"; };
		DB6DDAB62992FF39001C2C5A /* MapViewController.swift */ = {isa = PBXFileReference; lastKnownFileType = sourcecode.swift; path = MapViewController.swift; sourceTree = "<group>"; };
		DB6DDAB829930304001C2C5A /* FavoritesViewController.swift */ = {isa = PBXFileReference; lastKnownFileType = sourcecode.swift; path = FavoritesViewController.swift; sourceTree = "<group>"; };
		DB6DDABA29930748001C2C5A /* DataManager.swift */ = {isa = PBXFileReference; lastKnownFileType = sourcecode.swift; path = DataManager.swift; sourceTree = "<group>"; };
		DB6DDABC29930944001C2C5A /* Place.swift */ = {isa = PBXFileReference; lastKnownFileType = sourcecode.swift; path = Place.swift; sourceTree = "<group>"; };
		DB6DDABE29930967001C2C5A /* PlaceMarkerView.swift */ = {isa = PBXFileReference; lastKnownFileType = sourcecode.swift; path = PlaceMarkerView.swift; sourceTree = "<group>"; };
		DB6DDAC029930997001C2C5A /* PlaceFavoriteDelegate.swift */ = {isa = PBXFileReference; lastKnownFileType = sourcecode.swift; path = PlaceFavoriteDelegate.swift; sourceTree = "<group>"; };
		DB6DDAC229935084001C2C5A /* Data.plist */ = {isa = PBXFileReference; lastKnownFileType = text.plist.xml; path = Data.plist; sourceTree = "<group>"; };
/* End PBXFileReference section */

/* Begin PBXFrameworksBuildPhase section */
		DB6DDA9C2992CB48001C2C5A /* Frameworks */ = {
			isa = PBXFrameworksBuildPhase;
			buildActionMask = 2147483647;
			files = (
			);
			runOnlyForDeploymentPostprocessing = 0;
		};
/* End PBXFrameworksBuildPhase section */

/* Begin PBXGroup section */
		DB6DDA962992CB48001C2C5A = {
			isa = PBXGroup;
			children = (
				DB6DDAA12992CB48001C2C5A /* Custom Map */,
				DB6DDAA02992CB48001C2C5A /* Products */,
			);
			sourceTree = "<group>";
		};
		DB6DDAA02992CB48001C2C5A /* Products */ = {
			isa = PBXGroup;
			children = (
				DB6DDA9F2992CB48001C2C5A /* Custom Map.app */,
			);
			name = Products;
			sourceTree = "<group>";
		};
		DB6DDAA12992CB48001C2C5A /* Custom Map */ = {
			isa = PBXGroup;
			children = (
				DB6DDAA22992CB48001C2C5A /* AppDelegate.swift */,
				DB6DDAA42992CB48001C2C5A /* SceneDelegate.swift */,
				DB6DDAA82992CB48001C2C5A /* Main.storyboard */,
				DB6DDABC29930944001C2C5A /* Place.swift */,
				DB6DDABE29930967001C2C5A /* PlaceMarkerView.swift */,
				DB6DDAC029930997001C2C5A /* PlaceFavoriteDelegate.swift */,
				DB6DDABA29930748001C2C5A /* DataManager.swift */,
				DB6DDAB62992FF39001C2C5A /* MapViewController.swift */,
				DB6DDAB829930304001C2C5A /* FavoritesViewController.swift */,
				DB6DDAAB2992CB49001C2C5A /* Assets.xcassets */,
				DB6DDAAD2992CB49001C2C5A /* LaunchScreen.storyboard */,
				DB6DDAC229935084001C2C5A /* Data.plist */,
				DB6DDAB02992CB49001C2C5A /* Info.plist */,
			);
			path = "Custom Map";
			sourceTree = "<group>";
		};
/* End PBXGroup section */

/* Begin PBXNativeTarget section */
		DB6DDA9E2992CB48001C2C5A /* Custom Map */ = {
			isa = PBXNativeTarget;
			buildConfigurationList = DB6DDAB32992CB49001C2C5A /* Build configuration list for PBXNativeTarget "Custom Map" */;
			buildPhases = (
				DB6DDA9B2992CB48001C2C5A /* Sources */,
				DB6DDA9C2992CB48001C2C5A /* Frameworks */,
				DB6DDA9D2992CB48001C2C5A /* Resources */,
			);
			buildRules = (
			);
			dependencies = (
			);
			name = "Custom Map";
			productName = "Custom Map";
			productReference = DB6DDA9F2992CB48001C2C5A /* Custom Map.app */;
			productType = "com.apple.product-type.application";
		};
/* End PBXNativeTarget section */

/* Begin PBXProject section */
		DB6DDA972992CB48001C2C5A /* Project object */ = {
			isa = PBXProject;
			attributes = {
				BuildIndependentTargetsInParallel = 1;
				LastSwiftUpdateCheck = 1420;
				LastUpgradeCheck = 1420;
				TargetAttributes = {
					DB6DDA9E2992CB48001C2C5A = {
						CreatedOnToolsVersion = 14.2;
					};
				};
			};
			buildConfigurationList = DB6DDA9A2992CB48001C2C5A /* Build configuration list for PBXProject "Custom Map" */;
			compatibilityVersion = "Xcode 14.0";
			developmentRegion = en;
			hasScannedForEncodings = 0;
			knownRegions = (
				en,
				Base,
			);
			mainGroup = DB6DDA962992CB48001C2C5A;
			productRefGroup = DB6DDAA02992CB48001C2C5A /* Products */;
			projectDirPath = "";
			projectRoot = "";
			targets = (
				DB6DDA9E2992CB48001C2C5A /* Custom Map */,
			);
		};
/* End PBXProject section */

/* Begin PBXResourcesBuildPhase section */
		DB6DDA9D2992CB48001C2C5A /* Resources */ = {
			isa = PBXResourcesBuildPhase;
			buildActionMask = 2147483647;
			files = (
				DB6DDAAF2992CB49001C2C5A /* LaunchScreen.storyboard in Resources */,
				DB6DDAAC2992CB49001C2C5A /* Assets.xcassets in Resources */,
				DB6DDAC329935084001C2C5A /* Data.plist in Resources */,
				DB6DDAAA2992CB48001C2C5A /* Main.storyboard in Resources */,
			);
			runOnlyForDeploymentPostprocessing = 0;
		};
/* End PBXResourcesBuildPhase section */

/* Begin PBXSourcesBuildPhase section */
		DB6DDA9B2992CB48001C2C5A /* Sources */ = {
			isa = PBXSourcesBuildPhase;
			buildActionMask = 2147483647;
			files = (
				DB6DDABB29930748001C2C5A /* DataManager.swift in Sources */,
				DB6DDABF29930967001C2C5A /* PlaceMarkerView.swift in Sources */,
				DB6DDAA32992CB48001C2C5A /* AppDelegate.swift in Sources */,
				DB6DDAA52992CB48001C2C5A /* SceneDelegate.swift in Sources */,
				DB6DDAC129930997001C2C5A /* PlaceFavoriteDelegate.swift in Sources */,
				DB6DDAB72992FF39001C2C5A /* MapViewController.swift in Sources */,
				DB6DDABD29930944001C2C5A /* Place.swift in Sources */,
				DB6DDAB929930304001C2C5A /* FavoritesViewController.swift in Sources */,
			);
			runOnlyForDeploymentPostprocessing = 0;
		};
/* End PBXSourcesBuildPhase section */

/* Begin PBXVariantGroup section */
		DB6DDAA82992CB48001C2C5A /* Main.storyboard */ = {
			isa = PBXVariantGroup;
			children = (
				DB6DDAA92992CB48001C2C5A /* Base */,
			);
			name = Main.storyboard;
			sourceTree = "<group>";
		};
		DB6DDAAD2992CB49001C2C5A /* LaunchScreen.storyboard */ = {
			isa = PBXVariantGroup;
			children = (
				DB6DDAAE2992CB49001C2C5A /* Base */,
			);
			name = LaunchScreen.storyboard;
			sourceTree = "<group>";
		};
/* End PBXVariantGroup section */

/* Begin XCBuildConfiguration section */
		DB6DDAB12992CB49001C2C5A /* Debug */ = {
			isa = XCBuildConfiguration;
			buildSettings = {
				ALWAYS_SEARCH_USER_PATHS = NO;
				CLANG_ANALYZER_NONNULL = YES;
				CLANG_ANALYZER_NUMBER_OBJECT_CONVERSION = YES_AGGRESSIVE;
				CLANG_CXX_LANGUAGE_STANDARD = "gnu++20";
				CLANG_ENABLE_MODULES = YES;
				CLANG_ENABLE_OBJC_ARC = YES;
				CLANG_ENABLE_OBJC_WEAK = YES;
				CLANG_WARN_BLOCK_CAPTURE_AUTORELEASING = YES;
				CLANG_WARN_BOOL_CONVERSION = YES;
				CLANG_WARN_COMMA = YES;
				CLANG_WARN_CONSTANT_CONVERSION = YES;
				CLANG_WARN_DEPRECATED_OBJC_IMPLEMENTATIONS = YES;
				CLANG_WARN_DIRECT_OBJC_ISA_USAGE = YES_ERROR;
				CLANG_WARN_DOCUMENTATION_COMMENTS = YES;
				CLANG_WARN_EMPTY_BODY = YES;
				CLANG_WARN_ENUM_CONVERSION = YES;
				CLANG_WARN_INFINITE_RECURSION = YES;
				CLANG_WARN_INT_CONVERSION = YES;
				CLANG_WARN_NON_LITERAL_NULL_CONVERSION = YES;
				CLANG_WARN_OBJC_IMPLICIT_RETAIN_SELF = YES;
				CLANG_WARN_OBJC_LITERAL_CONVERSION = YES;
				CLANG_WARN_OBJC_ROOT_CLASS = YES_ERROR;
				CLANG_WARN_QUOTED_INCLUDE_IN_FRAMEWORK_HEADER = YES;
				CLANG_WARN_RANGE_LOOP_ANALYSIS = YES;
				CLANG_WARN_STRICT_PROTOTYPES = YES;
				CLANG_WARN_SUSPICIOUS_MOVE = YES;
				CLANG_WARN_UNGUARDED_AVAILABILITY = YES_AGGRESSIVE;
				CLANG_WARN_UNREACHABLE_CODE = YES;
				CLANG_WARN__DUPLICATE_METHOD_MATCH = YES;
				COPY_PHASE_STRIP = NO;
				DEBUG_INFORMATION_FORMAT = dwarf;
				ENABLE_STRICT_OBJC_MSGSEND = YES;
				ENABLE_TESTABILITY = YES;
				GCC_C_LANGUAGE_STANDARD = gnu11;
				GCC_DYNAMIC_NO_PIC = NO;
				GCC_NO_COMMON_BLOCKS = YES;
				GCC_OPTIMIZATION_LEVEL = 0;
				GCC_PREPROCESSOR_DEFINITIONS = (
					"DEBUG=1",
					"$(inherited)",
				);
				GCC_WARN_64_TO_32_BIT_CONVERSION = YES;
				GCC_WARN_ABOUT_RETURN_TYPE = YES_ERROR;
				GCC_WARN_UNDECLARED_SELECTOR = YES;
				GCC_WARN_UNINITIALIZED_AUTOS = YES_AGGRESSIVE;
				GCC_WARN_UNUSED_FUNCTION = YES;
				GCC_WARN_UNUSED_VARIABLE = YES;
				IPHONEOS_DEPLOYMENT_TARGET = 16.2;
				MTL_ENABLE_DEBUG_INFO = INCLUDE_SOURCE;
				MTL_FAST_MATH = YES;
				ONLY_ACTIVE_ARCH = YES;
				SDKROOT = iphoneos;
				SWIFT_ACTIVE_COMPILATION_CONDITIONS = DEBUG;
				SWIFT_OPTIMIZATION_LEVEL = "-Onone";
			};
			name = Debug;
		};
		DB6DDAB22992CB49001C2C5A /* Release */ = {
			isa = XCBuildConfiguration;
			buildSettings = {
				ALWAYS_SEARCH_USER_PATHS = NO;
				CLANG_ANALYZER_NONNULL = YES;
				CLANG_ANALYZER_NUMBER_OBJECT_CONVERSION = YES_AGGRESSIVE;
				CLANG_CXX_LANGUAGE_STANDARD = "gnu++20";
				CLANG_ENABLE_MODULES = YES;
				CLANG_ENABLE_OBJC_ARC = YES;
				CLANG_ENABLE_OBJC_WEAK = YES;
				CLANG_WARN_BLOCK_CAPTURE_AUTORELEASING = YES;
				CLANG_WARN_BOOL_CONVERSION = YES;
				CLANG_WARN_COMMA = YES;
				CLANG_WARN_CONSTANT_CONVERSION = YES;
				CLANG_WARN_DEPRECATED_OBJC_IMPLEMENTATIONS = YES;
				CLANG_WARN_DIRECT_OBJC_ISA_USAGE = YES_ERROR;
				CLANG_WARN_DOCUMENTATION_COMMENTS = YES;
				CLANG_WARN_EMPTY_BODY = YES;
				CLANG_WARN_ENUM_CONVERSION = YES;
				CLANG_WARN_INFINITE_RECURSION = YES;
				CLANG_WARN_INT_CONVERSION = YES;
				CLANG_WARN_NON_LITERAL_NULL_CONVERSION = YES;
				CLANG_WARN_OBJC_IMPLICIT_RETAIN_SELF = YES;
				CLANG_WARN_OBJC_LITERAL_CONVERSION = YES;
				CLANG_WARN_OBJC_ROOT_CLASS = YES_ERROR;
				CLANG_WARN_QUOTED_INCLUDE_IN_FRAMEWORK_HEADER = YES;
				CLANG_WARN_RANGE_LOOP_ANALYSIS = YES;
				CLANG_WARN_STRICT_PROTOTYPES = YES;
				CLANG_WARN_SUSPICIOUS_MOVE = YES;
				CLANG_WARN_UNGUARDED_AVAILABILITY = YES_AGGRESSIVE;
				CLANG_WARN_UNREACHABLE_CODE = YES;
				CLANG_WARN__DUPLICATE_METHOD_MATCH = YES;
				COPY_PHASE_STRIP = NO;
				DEBUG_INFORMATION_FORMAT = "dwarf-with-dsym";
				ENABLE_NS_ASSERTIONS = NO;
				ENABLE_STRICT_OBJC_MSGSEND = YES;
				GCC_C_LANGUAGE_STANDARD = gnu11;
				GCC_NO_COMMON_BLOCKS = YES;
				GCC_WARN_64_TO_32_BIT_CONVERSION = YES;
				GCC_WARN_ABOUT_RETURN_TYPE = YES_ERROR;
				GCC_WARN_UNDECLARED_SELECTOR = YES;
				GCC_WARN_UNINITIALIZED_AUTOS = YES_AGGRESSIVE;
				GCC_WARN_UNUSED_FUNCTION = YES;
				GCC_WARN_UNUSED_VARIABLE = YES;
				IPHONEOS_DEPLOYMENT_TARGET = 16.2;
				MTL_ENABLE_DEBUG_INFO = NO;
				MTL_FAST_MATH = YES;
				SDKROOT = iphoneos;
				SWIFT_COMPILATION_MODE = wholemodule;
				SWIFT_OPTIMIZATION_LEVEL = "-O";
				VALIDATE_PRODUCT = YES;
			};
			name = Release;
		};
		DB6DDAB42992CB49001C2C5A /* Debug */ = {
			isa = XCBuildConfiguration;
			buildSettings = {
				ASSETCATALOG_COMPILER_APPICON_NAME = AppIcon;
				ASSETCATALOG_COMPILER_GLOBAL_ACCENT_COLOR_NAME = AccentColor;
				CODE_SIGN_STYLE = Automatic;
				CURRENT_PROJECT_VERSION = 1;
				DEVELOPMENT_TEAM = P43F844KFA;
				GENERATE_INFOPLIST_FILE = YES;
				INFOPLIST_FILE = "Custom Map/Info.plist";
				INFOPLIST_KEY_UIApplicationSupportsIndirectInputEvents = YES;
				INFOPLIST_KEY_UILaunchStoryboardName = LaunchScreen;
				INFOPLIST_KEY_UIMainStoryboardFile = Main;
				INFOPLIST_KEY_UISupportedInterfaceOrientations_iPad = "UIInterfaceOrientationPortrait UIInterfaceOrientationPortraitUpsideDown UIInterfaceOrientationLandscapeLeft UIInterfaceOrientationLandscapeRight";
				INFOPLIST_KEY_UISupportedInterfaceOrientations_iPhone = "UIInterfaceOrientationPortrait UIInterfaceOrientationLandscapeLeft UIInterfaceOrientationLandscapeRight";
				LD_RUNPATH_SEARCH_PATHS = (
					"$(inherited)",
					"@executable_path/Frameworks",
				);
				MARKETING_VERSION = 1.0;
				PRODUCT_BUNDLE_IDENTIFIER = "com.uchicago.Custom-Map";
				PRODUCT_NAME = "$(TARGET_NAME)";
				SWIFT_EMIT_LOC_STRINGS = YES;
				SWIFT_VERSION = 5.0;
				TARGETED_DEVICE_FAMILY = "1,2";
			};
			name = Debug;
		};
		DB6DDAB52992CB49001C2C5A /* Release */ = {
			isa = XCBuildConfiguration;
			buildSettings = {
				ASSETCATALOG_COMPILER_APPICON_NAME = AppIcon;
				ASSETCATALOG_COMPILER_GLOBAL_ACCENT_COLOR_NAME = AccentColor;
				CODE_SIGN_STYLE = Automatic;
				CURRENT_PROJECT_VERSION = 1;
				DEVELOPMENT_TEAM = P43F844KFA;
				GENERATE_INFOPLIST_FILE = YES;
				INFOPLIST_FILE = "Custom Map/Info.plist";
				INFOPLIST_KEY_UIApplicationSupportsIndirectInputEvents = YES;
				INFOPLIST_KEY_UILaunchStoryboardName = LaunchScreen;
				INFOPLIST_KEY_UIMainStoryboardFile = Main;
				INFOPLIST_KEY_UISupportedInterfaceOrientations_iPad = "UIInterfaceOrientationPortrait UIInterfaceOrientationPortraitUpsideDown UIInterfaceOrientationLandscapeLeft UIInterfaceOrientationLandscapeRight";
				INFOPLIST_KEY_UISupportedInterfaceOrientations_iPhone = "UIInterfaceOrientationPortrait UIInterfaceOrientationLandscapeLeft UIInterfaceOrientationLandscapeRight";
				LD_RUNPATH_SEARCH_PATHS = (
					"$(inherited)",
					"@executable_path/Frameworks",
				);
				MARKETING_VERSION = 1.0;
				PRODUCT_BUNDLE_IDENTIFIER = "com.uchicago.Custom-Map";
				PRODUCT_NAME = "$(TARGET_NAME)";
				SWIFT_EMIT_LOC_STRINGS = YES;
				SWIFT_VERSION = 5.0;
				TARGETED_DEVICE_FAMILY = "1,2";
			};
			name = Release;
		};
/* End XCBuildConfiguration section */

/* Begin XCConfigurationList section */
		DB6DDA9A2992CB48001C2C5A /* Build configuration list for PBXProject "Custom Map" */ = {
			isa = XCConfigurationList;
			buildConfigurations = (
				DB6DDAB12992CB49001C2C5A /* Debug */,
				DB6DDAB22992CB49001C2C5A /* Release */,
			);
			defaultConfigurationIsVisible = 0;
			defaultConfigurationName = Release;
		};
		DB6DDAB32992CB49001C2C5A /* Build configuration list for PBXNativeTarget "Custom Map" */ = {
			isa = XCConfigurationList;
			buildConfigurations = (
				DB6DDAB42992CB49001C2C5A /* Debug */,
				DB6DDAB52992CB49001C2C5A /* Release */,
			);
			defaultConfigurationIsVisible = 0;
			defaultConfigurationName = Release;
		};
/* End XCConfigurationList section */
	};
	rootObject = DB6DDA972992CB48001C2C5A /* Project object */;
}
